github.com/jsn4ke/jsn_net v0.0.2 h1:7yLLP7/pKk2hSg2gmh0HRatgeK626CHhbO0lEgzgwKo=
github.com/jsn4ke/jsn_net v0.0.2/go.mod h1:F2BO8Zw7E5uzl9Vd9gBJxb4mkO0f6j5vD76lvGPkQ9k=
github.com/jsn4ke/jsn_net v0.0.3 h1:6Fi0U1/KZ7fAJlr3p2zK0/+gW7giUMLkcbyCePYwxeI=
github.com/jsn4ke/jsn_net v0.0.3/go.mod h1:F2BO8Zw7E5uzl9Vd9gBJxb4mkO0f6j5vD76lvGPkQ9k=
google.golang.org/protobuf v1.32.0 h1:pPC6BG5ex8PDFnkbrGU3EixyhKcQ2aDuBS36lqK/C7I=
google.golang.org/protobuf v1.32.0/go.mod h1:c6P6GXX6sHbq/GpV6MGZEdwhWPcYBgnhAHhKbcUYpos=
